{
  "name": "test1",
  "version": "1.0.0",
  "lockfileVersion": 1,
  "requires": true,
  "dependencies": {
    "test2": {
      "version": "git+ssh://git@github.com/iamdoron/test2.git#9ff93e57f0cd7af61c8498336b2af829dff222e3",
      "from": "git+ssh://git@github.com/iamdoron/test2.git#v1.0.1",
      "dev": true
    }
  }
}
