{
  "name": "test1",
  "version": "1.0.1",
  "lockfileVersion": 1,
  "requires": true,
  "dependencies": {
    "test2": {
      "version": "git+ssh://git@github.com/iamdoron/test2.git#29eee43c4f2ba6dd06d9a070e953bea5fb15d57a",
      "from": "git+ssh://git@github.com/iamdoron/test2.git#v1.0.2",
      "dev": true
    }
  }
}
